// !$*UTF8*$!
{
	archiveVersion = 1;
	classes = {
	};
	objectVersion = 50;
	objects = {

/* Begin PBXBuildFile section */
		F911B5982638A4D8000F405C /* categorySearchProtocol.swift in Sources */ = {isa = PBXBuildFile; fileRef = F911B5972638A4D8000F405C /* categorySearchProtocol.swift */; };
		F9878CAA26335E7500A5DB2A /* AdvertTableViewCell.swift in Sources */ = {isa = PBXBuildFile; fileRef = F9878CA926335E7500A5DB2A /* AdvertTableViewCell.swift */; };
		F9878CAC26339EE000A5DB2A /* AdvertDetailViewController.swift in Sources */ = {isa = PBXBuildFile; fileRef = F9878CAB26339EE000A5DB2A /* AdvertDetailViewController.swift */; };
		F9878CAE2636EEE700A5DB2A /* CategoryCollectionViewController.swift in Sources */ = {isa = PBXBuildFile; fileRef = F9878CAD2636EEE700A5DB2A /* CategoryCollectionViewController.swift */; };
		F9878CB02636F50C00A5DB2A /* CategoryTableViewCell.swift in Sources */ = {isa = PBXBuildFile; fileRef = F9878CAF2636F50C00A5DB2A /* CategoryTableViewCell.swift */; };
		F9878CB22637495000A5DB2A /* categoryCollectionViewCell.swift in Sources */ = {isa = PBXBuildFile; fileRef = F9878CB12637494F00A5DB2A /* categoryCollectionViewCell.swift */; };
		F9A74DD3263196AF00B8C2E4 /* AppDelegate.swift in Sources */ = {isa = PBXBuildFile; fileRef = F9A74DD2263196AF00B8C2E4 /* AppDelegate.swift */; };
		F9A74DD7263196AF00B8C2E4 /* ViewController.swift in Sources */ = {isa = PBXBuildFile; fileRef = F9A74DD6263196AF00B8C2E4 /* ViewController.swift */; };
		F9A74DDA263196AF00B8C2E4 /* Main.storyboard in Resources */ = {isa = PBXBuildFile; fileRef = F9A74DD8263196AF00B8C2E4 /* Main.storyboard */; };
		F9A74DDC263196B100B8C2E4 /* Assets.xcassets in Resources */ = {isa = PBXBuildFile; fileRef = F9A74DDB263196B100B8C2E4 /* Assets.xcassets */; };
		F9A74DDF263196B100B8C2E4 /* LaunchScreen.storyboard in Resources */ = {isa = PBXBuildFile; fileRef = F9A74DDD263196B100B8C2E4 /* LaunchScreen.storyboard */; };
		F9A74DE82631988700B8C2E4 /* APIResult.swift in Sources */ = {isa = PBXBuildFile; fileRef = F9A74DE72631988700B8C2E4 /* APIResult.swift */; };
		F9A74DEA263199DA00B8C2E4 /* APIHelper.swift in Sources */ = {isa = PBXBuildFile; fileRef = F9A74DE9263199DA00B8C2E4 /* APIHelper.swift */; };
/* End PBXBuildFile section */

/* Begin PBXFileReference section */
		F911B5972638A4D8000F405C /* categorySearchProtocol.swift */ = {isa = PBXFileReference; lastKnownFileType = sourcecode.swift; path = categorySearchProtocol.swift; sourceTree = "<group>"; };
		F9878CA926335E7500A5DB2A /* AdvertTableViewCell.swift */ = {isa = PBXFileReference; lastKnownFileType = sourcecode.swift; path = AdvertTableViewCell.swift; sourceTree = "<group>"; };
		F9878CAB26339EE000A5DB2A /* AdvertDetailViewController.swift */ = {isa = PBXFileReference; lastKnownFileType = sourcecode.swift; path = AdvertDetailViewController.swift; sourceTree = "<group>"; };
		F9878CAD2636EEE700A5DB2A /* CategoryCollectionViewController.swift */ = {isa = PBXFileReference; lastKnownFileType = sourcecode.swift; path = CategoryCollectionViewController.swift; sourceTree = "<group>"; };
		F9878CAF2636F50C00A5DB2A /* CategoryTableViewCell.swift */ = {isa = PBXFileReference; lastKnownFileType = sourcecode.swift; path = CategoryTableViewCell.swift; sourceTree = "<group>"; };
		F9878CB12637494F00A5DB2A /* categoryCollectionViewCell.swift */ = {isa = PBXFileReference; lastKnownFileType = sourcecode.swift; path = categoryCollectionViewCell.swift; sourceTree = "<group>"; };
		F9A74DCF263196AF00B8C2E4 /* leBonCoinTest.app */ = {isa = PBXFileReference; explicitFileType = wrapper.application; includeInIndex = 0; path = leBonCoinTest.app; sourceTree = BUILT_PRODUCTS_DIR; };
		F9A74DD2263196AF00B8C2E4 /* AppDelegate.swift */ = {isa = PBXFileReference; lastKnownFileType = sourcecode.swift; path = AppDelegate.swift; sourceTree = "<group>"; };
		F9A74DD6263196AF00B8C2E4 /* ViewController.swift */ = {isa = PBXFileReference; lastKnownFileType = sourcecode.swift; path = ViewController.swift; sourceTree = "<group>"; };
		F9A74DD9263196AF00B8C2E4 /* Base */ = {isa = PBXFileReference; lastKnownFileType = file.storyboard; name = Base; path = Base.lproj/Main.storyboard; sourceTree = "<group>"; };
		F9A74DDB263196B100B8C2E4 /* Assets.xcassets */ = {isa = PBXFileReference; lastKnownFileType = folder.assetcatalog; path = Assets.xcassets; sourceTree = "<group>"; };
		F9A74DDE263196B100B8C2E4 /* Base */ = {isa = PBXFileReference; lastKnownFileType = file.storyboard; name = Base; path = Base.lproj/LaunchScreen.storyboard; sourceTree = "<group>"; };
		F9A74DE0263196B100B8C2E4 /* Info.plist */ = {isa = PBXFileReference; lastKnownFileType = text.plist.xml; path = Info.plist; sourceTree = "<group>"; };
		F9A74DE72631988700B8C2E4 /* APIResult.swift */ = {isa = PBXFileReference; lastKnownFileType = sourcecode.swift; path = APIResult.swift; sourceTree = "<group>"; };
		F9A74DE9263199DA00B8C2E4 /* APIHelper.swift */ = {isa = PBXFileReference; lastKnownFileType = sourcecode.swift; path = APIHelper.swift; sourceTree = "<group>"; };
/* End PBXFileReference section */

/* Begin PBXFrameworksBuildPhase section */
		F9A74DCC263196AF00B8C2E4 /* Frameworks */ = {
			isa = PBXFrameworksBuildPhase;
			buildActionMask = 2147483647;
			files = (
			);
			runOnlyForDeploymentPostprocessing = 0;
		};
/* End PBXFrameworksBuildPhase section */

/* Begin PBXGroup section */
		F9878CA826335E4D00A5DB2A /* Controller */ = {
			isa = PBXGroup;
			children = (
				F9878CA926335E7500A5DB2A /* AdvertTableViewCell.swift */,
				F9878CAB26339EE000A5DB2A /* AdvertDetailViewController.swift */,
				F9878CAD2636EEE700A5DB2A /* CategoryCollectionViewController.swift */,
				F9878CAF2636F50C00A5DB2A /* CategoryTableViewCell.swift */,
				F9878CB12637494F00A5DB2A /* categoryCollectionViewCell.swift */,
				F911B5972638A4D8000F405C /* categorySearchProtocol.swift */,
			);
			path = Controller;
			sourceTree = "<group>";
		};
		F9A74DC6263196AF00B8C2E4 = {
			isa = PBXGroup;
			children = (
				F9A74DD1263196AF00B8C2E4 /* leBonCoinTest */,
				F9A74DD0263196AF00B8C2E4 /* Products */,
			);
			sourceTree = "<group>";
		};
		F9A74DD0263196AF00B8C2E4 /* Products */ = {
			isa = PBXGroup;
			children = (
				F9A74DCF263196AF00B8C2E4 /* leBonCoinTest.app */,
			);
			name = Products;
			sourceTree = "<group>";
		};
		F9A74DD1263196AF00B8C2E4 /* leBonCoinTest */ = {
			isa = PBXGroup;
			children = (
				F9878CA826335E4D00A5DB2A /* Controller */,
				F9A74DE62631986000B8C2E4 /* Modele */,
				F9A74DD2263196AF00B8C2E4 /* AppDelegate.swift */,
				F9A74DD6263196AF00B8C2E4 /* ViewController.swift */,
				F9A74DD8263196AF00B8C2E4 /* Main.storyboard */,
				F9A74DDB263196B100B8C2E4 /* Assets.xcassets */,
				F9A74DDD263196B100B8C2E4 /* LaunchScreen.storyboard */,
				F9A74DE0263196B100B8C2E4 /* Info.plist */,
			);
			path = leBonCoinTest;
			sourceTree = "<group>";
		};
		F9A74DE62631986000B8C2E4 /* Modele */ = {
			isa = PBXGroup;
			children = (
				F9A74DE72631988700B8C2E4 /* APIResult.swift */,
				F9A74DE9263199DA00B8C2E4 /* APIHelper.swift */,
			);
			path = Modele;
			sourceTree = "<group>";
		};
/* End PBXGroup section */

/* Begin PBXNativeTarget section */
		F9A74DCE263196AF00B8C2E4 /* leBonCoinTest */ = {
			isa = PBXNativeTarget;
			buildConfigurationList = F9A74DE3263196B100B8C2E4 /* Build configuration list for PBXNativeTarget "leBonCoinTest" */;
			buildPhases = (
				F9A74DCB263196AF00B8C2E4 /* Sources */,
				F9A74DCC263196AF00B8C2E4 /* Frameworks */,
				F9A74DCD263196AF00B8C2E4 /* Resources */,
			);
			buildRules = (
			);
			dependencies = (
			);
			name = leBonCoinTest;
			productName = leBonCoinTest;
			productReference = F9A74DCF263196AF00B8C2E4 /* leBonCoinTest.app */;
			productType = "com.apple.product-type.application";
		};
/* End PBXNativeTarget section */

/* Begin PBXProject section */
		F9A74DC7263196AF00B8C2E4 /* Project object */ = {
			isa = PBXProject;
			attributes = {
				LastSwiftUpdateCheck = 1130;
				LastUpgradeCheck = 1130;
				ORGANIZATIONNAME = "julien brandin";
				TargetAttributes = {
					F9A74DCE263196AF00B8C2E4 = {
						CreatedOnToolsVersion = 11.3.1;
					};
				};
			};
			buildConfigurationList = F9A74DCA263196AF00B8C2E4 /* Build configuration list for PBXProject "leBonCoinTest" */;
			compatibilityVersion = "Xcode 9.3";
			developmentRegion = en;
			hasScannedForEncodings = 0;
			knownRegions = (
				en,
				Base,
			);
			mainGroup = F9A74DC6263196AF00B8C2E4;
			productRefGroup = F9A74DD0263196AF00B8C2E4 /* Products */;
			projectDirPath = "";
			projectRoot = "";
			targets = (
				F9A74DCE263196AF00B8C2E4 /* leBonCoinTest */,
			);
		};
/* End PBXProject section */

/* Begin PBXResourcesBuildPhase section */
		F9A74DCD263196AF00B8C2E4 /* Resources */ = {
			isa = PBXResourcesBuildPhase;
			buildActionMask = 2147483647;
			files = (
				F9A74DDF263196B100B8C2E4 /* LaunchScreen.storyboard in Resources */,
				F9A74DDC263196B100B8C2E4 /* Assets.xcassets in Resources */,
				F9A74DDA263196AF00B8C2E4 /* Main.storyboard in Resources */,
			);
			runOnlyForDeploymentPostprocessing = 0;
		};
/* End PBXResourcesBuildPhase section */

/* Begin PBXSourcesBuildPhase section */
		F9A74DCB263196AF00B8C2E4 /* Sources */ = {
			isa = PBXSourcesBuildPhase;
			buildActionMask = 2147483647;
			files = (
				F9878CAA26335E7500A5DB2A /* AdvertTableViewCell.swift in Sources */,
				F9878CB22637495000A5DB2A /* categoryCollectionViewCell.swift in Sources */,
				F9A74DE82631988700B8C2E4 /* APIResult.swift in Sources */,
				F9878CAC26339EE000A5DB2A /* AdvertDetailViewController.swift in Sources */,
				F9A74DEA263199DA00B8C2E4 /* APIHelper.swift in Sources */,
				F911B5982638A4D8000F405C /* categorySearchProtocol.swift in Sources */,
				F9A74DD7263196AF00B8C2E4 /* ViewController.swift in Sources */,
				F9A74DD3263196AF00B8C2E4 /* AppDelegate.swift in Sources */,
				F9878CAE2636EEE700A5DB2A /* CategoryCollectionViewController.swift in Sources */,
				F9878CB02636F50C00A5DB2A /* CategoryTableViewCell.swift in Sources */,
			);
			runOnlyForDeploymentPostprocessing = 0;
		};
/* End PBXSourcesBuildPhase section */

/* Begin PBXVariantGroup section */
		F9A74DD8263196AF00B8C2E4 /* Main.storyboard */ = {
			isa = PBXVariantGroup;
			children = (
				F9A74DD9263196AF00B8C2E4 /* Base */,
			);
			name = Main.storyboard;
			sourceTree = "<group>";
		};
		F9A74DDD263196B100B8C2E4 /* LaunchScreen.storyboard */ = {
			isa = PBXVariantGroup;
			children = (
				F9A74DDE263196B100B8C2E4 /* Base */,
			);
			name = LaunchScreen.storyboard;
			sourceTree = "<group>";
		};
/* End PBXVariantGroup section */

/* Begin XCBuildConfiguration section */
		F9A74DE1263196B100B8C2E4 /* Debug */ = {
			isa = XCBuildConfiguration;
			buildSettings = {
				ALWAYS_SEARCH_USER_PATHS = NO;
				CLANG_ANALYZER_NONNULL = YES;
				CLANG_ANALYZER_NUMBER_OBJECT_CONVERSION = YES_AGGRESSIVE;
				CLANG_CXX_LANGUAGE_STANDARD = "gnu++14";
				CLANG_CXX_LIBRARY = "libc++";
				CLANG_ENABLE_MODULES = YES;
				CLANG_ENABLE_OBJC_ARC = YES;
				CLANG_ENABLE_OBJC_WEAK = YES;
				CLANG_WARN_BLOCK_CAPTURE_AUTORELEASING = YES;
				CLANG_WARN_BOOL_CONVERSION = YES;
				CLANG_WARN_COMMA = YES;
				CLANG_WARN_CONSTANT_CONVERSION = YES;
				CLANG_WARN_DEPRECATED_OBJC_IMPLEMENTATIONS = YES;
				CLANG_WARN_DIRECT_OBJC_ISA_USAGE = YES_ERROR;
				CLANG_WARN_DOCUMENTATION_COMMENTS = YES;
				CLANG_WARN_EMPTY_BODY = YES;
				CLANG_WARN_ENUM_CONVERSION = YES;
				CLANG_WARN_INFINITE_RECURSION = YES;
				CLANG_WARN_INT_CONVERSION = YES;
				CLANG_WARN_NON_LITERAL_NULL_CONVERSION = YES;
				CLANG_WARN_OBJC_IMPLICIT_RETAIN_SELF = YES;
				CLANG_WARN_OBJC_LITERAL_CONVERSION = YES;
				CLANG_WARN_OBJC_ROOT_CLASS = YES_ERROR;
				CLANG_WARN_RANGE_LOOP_ANALYSIS = YES;
				CLANG_WARN_STRICT_PROTOTYPES = YES;
				CLANG_WARN_SUSPICIOUS_MOVE = YES;
				CLANG_WARN_UNGUARDED_AVAILABILITY = YES_AGGRESSIVE;
				CLANG_WARN_UNREACHABLE_CODE = YES;
				CLANG_WARN__DUPLICATE_METHOD_MATCH = YES;
				COPY_PHASE_STRIP = NO;
				DEBUG_INFORMATION_FORMAT = dwarf;
				ENABLE_STRICT_OBJC_MSGSEND = YES;
				ENABLE_TESTABILITY = YES;
				GCC_C_LANGUAGE_STANDARD = gnu11;
				GCC_DYNAMIC_NO_PIC = NO;
				GCC_NO_COMMON_BLOCKS = YES;
				GCC_OPTIMIZATION_LEVEL = 0;
				GCC_PREPROCESSOR_DEFINITIONS = (
					"DEBUG=1",
					"$(inherited)",
				);
				GCC_WARN_64_TO_32_BIT_CONVERSION = YES;
				GCC_WARN_ABOUT_RETURN_TYPE = YES_ERROR;
				GCC_WARN_UNDECLARED_SELECTOR = YES;
				GCC_WARN_UNINITIALIZED_AUTOS = YES_AGGRESSIVE;
				GCC_WARN_UNUSED_FUNCTION = YES;
				GCC_WARN_UNUSED_VARIABLE = YES;
				IPHONEOS_DEPLOYMENT_TARGET = 13.2;
				MTL_ENABLE_DEBUG_INFO = INCLUDE_SOURCE;
				MTL_FAST_MATH = YES;
				ONLY_ACTIVE_ARCH = YES;
				SDKROOT = iphoneos;
				SWIFT_ACTIVE_COMPILATION_CONDITIONS = DEBUG;
				SWIFT_OPTIMIZATION_LEVEL = "-Onone";
			};
			name = Debug;
		};
		F9A74DE2263196B100B8C2E4 /* Release */ = {
			isa = XCBuildConfiguration;
			buildSettings = {
				ALWAYS_SEARCH_USER_PATHS = NO;
				CLANG_ANALYZER_NONNULL = YES;
				CLANG_ANALYZER_NUMBER_OBJECT_CONVERSION = YES_AGGRESSIVE;
				CLANG_CXX_LANGUAGE_STANDARD = "gnu++14";
				CLANG_CXX_LIBRARY = "libc++";
				CLANG_ENABLE_MODULES = YES;
				CLANG_ENABLE_OBJC_ARC = YES;
				CLANG_ENABLE_OBJC_WEAK = YES;
				CLANG_WARN_BLOCK_CAPTURE_AUTORELEASING = YES;
				CLANG_WARN_BOOL_CONVERSION = YES;
				CLANG_WARN_COMMA = YES;
				CLANG_WARN_CONSTANT_CONVERSION = YES;
				CLANG_WARN_DEPRECATED_OBJC_IMPLEMENTATIONS = YES;
				CLANG_WARN_DIRECT_OBJC_ISA_USAGE = YES_ERROR;
				CLANG_WARN_DOCUMENTATION_COMMENTS = YES;
				CLANG_WARN_EMPTY_BODY = YES;
				CLANG_WARN_ENUM_CONVERSION = YES;
				CLANG_WARN_INFINITE_RECURSION = YES;
				CLANG_WARN_INT_CONVERSION = YES;
				CLANG_WARN_NON_LITERAL_NULL_CONVERSION = YES;
				CLANG_WARN_OBJC_IMPLICIT_RETAIN_SELF = YES;
				CLANG_WARN_OBJC_LITERAL_CONVERSION = YES;
				CLANG_WARN_OBJC_ROOT_CLASS = YES_ERROR;
				CLANG_WARN_RANGE_LOOP_ANALYSIS = YES;
				CLANG_WARN_STRICT_PROTOTYPES = YES;
				CLANG_WARN_SUSPICIOUS_MOVE = YES;
				CLANG_WARN_UNGUARDED_AVAILABILITY = YES_AGGRESSIVE;
				CLANG_WARN_UNREACHABLE_CODE = YES;
				CLANG_WARN__DUPLICATE_METHOD_MATCH = YES;
				COPY_PHASE_STRIP = NO;
				DEBUG_INFORMATION_FORMAT = "dwarf-with-dsym";
				ENABLE_NS_ASSERTIONS = NO;
				ENABLE_STRICT_OBJC_MSGSEND = YES;
				GCC_C_LANGUAGE_STANDARD = gnu11;
				GCC_NO_COMMON_BLOCKS = YES;
				GCC_WARN_64_TO_32_BIT_CONVERSION = YES;
				GCC_WARN_ABOUT_RETURN_TYPE = YES_ERROR;
				GCC_WARN_UNDECLARED_SELECTOR = YES;
				GCC_WARN_UNINITIALIZED_AUTOS = YES_AGGRESSIVE;
				GCC_WARN_UNUSED_FUNCTION = YES;
				GCC_WARN_UNUSED_VARIABLE = YES;
				IPHONEOS_DEPLOYMENT_TARGET = 13.2;
				MTL_ENABLE_DEBUG_INFO = NO;
				MTL_FAST_MATH = YES;
				SDKROOT = iphoneos;
				SWIFT_COMPILATION_MODE = wholemodule;
				SWIFT_OPTIMIZATION_LEVEL = "-O";
				VALIDATE_PRODUCT = YES;
			};
			name = Release;
		};
		F9A74DE4263196B100B8C2E4 /* Debug */ = {
			isa = XCBuildConfiguration;
			buildSettings = {
				ASSETCATALOG_COMPILER_APPICON_NAME = AppIcon;
				CODE_SIGN_STYLE = Automatic;
				DEVELOPMENT_TEAM = Y8HKYY7NXB;
				INFOPLIST_FILE = leBonCoinTest/Info.plist;
				IPHONEOS_DEPLOYMENT_TARGET = 12.0;
				LD_RUNPATH_SEARCH_PATHS = (
					"$(inherited)",
					"@executable_path/Frameworks",
				);
				PRODUCT_BUNDLE_IDENTIFIER = com.goju.leBonCoinTest;
				PRODUCT_NAME = "$(TARGET_NAME)";
				SWIFT_VERSION = 5.0;
				TARGETED_DEVICE_FAMILY = "1,2";
			};
			name = Debug;
		};
		F9A74DE5263196B100B8C2E4 /* Release */ = {
			isa = XCBuildConfiguration;
			buildSettings = {
				ASSETCATALOG_COMPILER_APPICON_NAME = AppIcon;
				CODE_SIGN_STYLE = Automatic;
				DEVELOPMENT_TEAM = Y8HKYY7NXB;
				INFOPLIST_FILE = leBonCoinTest/Info.plist;
				IPHONEOS_DEPLOYMENT_TARGET = 12.0;
				LD_RUNPATH_SEARCH_PATHS = (
					"$(inherited)",
					"@executable_path/Frameworks",
				);
				PRODUCT_BUNDLE_IDENTIFIER = com.goju.leBonCoinTest;
				PRODUCT_NAME = "$(TARGET_NAME)";
				SWIFT_VERSION = 5.0;
				TARGETED_DEVICE_FAMILY = "1,2";
			};
			name = Release;
		};
/* End XCBuildConfiguration section */

/* Begin XCConfigurationList section */
		F9A74DCA263196AF00B8C2E4 /* Build configuration list for PBXProject "leBonCoinTest" */ = {
			isa = XCConfigurationList;
			buildConfigurations = (
				F9A74DE1263196B100B8C2E4 /* Debug */,
				F9A74DE2263196B100B8C2E4 /* Release */,
			);
			defaultConfigurationIsVisible = 0;
			defaultConfigurationName = Release;
		};
		F9A74DE3263196B100B8C2E4 /* Build configuration list for PBXNativeTarget "leBonCoinTest" */ = {
			isa = XCConfigurationList;
			buildConfigurations = (
				F9A74DE4263196B100B8C2E4 /* Debug */,
				F9A74DE5263196B100B8C2E4 /* Release */,
			);
			defaultConfigurationIsVisible = 0;
			defaultConfigurationName = Release;
		};
/* End XCConfigurationList section */
	};
	rootObject = F9A74DC7263196AF00B8C2E4 /* Project object */;
}
